dependencies:
  espressif/esp_tinyusb:
    component_hash: 96d232ced7afe1976119b62f7fbf1944a2a78b36228ff6f7b9318394ac1153cc
    dependencies:
    - name: idf
      require: private
      version: '>=5.0'
    - name: espressif/tinyusb
      registry_url: https://components.espressif.com
      require: public
      version: '>=0.14.2'
    source:
      registry_url: https://components.espressif.com/
      type: service
    version: 1.7.6~1
  espressif/tinyusb:
    component_hash: aa65639878f27a44d349044afd9c3fc134a92bd560874fdac1d836019b5c07ca
    dependencies:
    - name: idf
      require: private
      version: '>=5.0'
    source:
      registry_url: https://components.espressif.com
      type: service
    targets:
    - esp32s2
    - esp32s3
    - esp32p4
    version: 0.18.0~4
  idf:
    source:
      type: idf
    version: 5.5.0
  usb_comms_aq:
    dependencies:
    - name: espressif/esp_tinyusb
      version: '>=1.7.0,<2.0.0'
    source:
      path: /mnt/aqua_repo/ESP32S3_firmware/components/usb_comms_aq
      type: local
    version: '*'
direct_dependencies:
- espressif/esp_tinyusb
- idf
- usb_comms_aq
manifest_hash: 643d8008dc651e7a08e12d4edf7c762722c52468fa03a6dbaddfc8a8b1fbc168
target: esp32s3
version: 2.0.0
